// !$*UTF8*$!
{
	archiveVersion = 1;
	classes = {
	};
	objectVersion = 50;
	objects = {

/* Begin PBXBuildFile section */
		FC05546920A592AA00B8D9DA /* AppDelegate.swift in Sources */ = {isa = PBXBuildFile; fileRef = FC05546820A592AA00B8D9DA /* AppDelegate.swift */; };
		FC05546E20A592AA00B8D9DA /* Main.storyboard in Resources */ = {isa = PBXBuildFile; fileRef = FC05546C20A592AA00B8D9DA /* Main.storyboard */; };
		FC05547020A592AD00B8D9DA /* Assets.xcassets in Resources */ = {isa = PBXBuildFile; fileRef = FC05546F20A592AD00B8D9DA /* Assets.xcassets */; };
		FC05547320A592AD00B8D9DA /* LaunchScreen.storyboard in Resources */ = {isa = PBXBuildFile; fileRef = FC05547120A592AD00B8D9DA /* LaunchScreen.storyboard */; };
		FC05547B20A5A01200B8D9DA /* UIView+Layer.swift in Sources */ = {isa = PBXBuildFile; fileRef = FC05547A20A5A01200B8D9DA /* UIView+Layer.swift */; };
		FC05547D20A5B9FD00B8D9DA /* LoginFormController.swift in Sources */ = {isa = PBXBuildFile; fileRef = FC05547C20A5B9FD00B8D9DA /* LoginFormController.swift */; };
/* End PBXBuildFile section */

/* Begin PBXFileReference section */
		FC05546520A592AA00B8D9DA /* Lesson_1.app */ = {isa = PBXFileReference; explicitFileType = wrapper.application; includeInIndex = 0; path = Lesson_1.app; sourceTree = BUILT_PRODUCTS_DIR; };
		FC05546820A592AA00B8D9DA /* AppDelegate.swift */ = {isa = PBXFileReference; lastKnownFileType = sourcecode.swift; path = AppDelegate.swift; sourceTree = "<group>"; };
		FC05546D20A592AA00B8D9DA /* Base */ = {isa = PBXFileReference; lastKnownFileType = file.storyboard; name = Base; path = Base.lproj/Main.storyboard; sourceTree = "<group>"; };
		FC05546F20A592AD00B8D9DA /* Assets.xcassets */ = {isa = PBXFileReference; lastKnownFileType = folder.assetcatalog; path = Assets.xcassets; sourceTree = "<group>"; };
		FC05547220A592AD00B8D9DA /* Base */ = {isa = PBXFileReference; lastKnownFileType = file.storyboard; name = Base; path = Base.lproj/LaunchScreen.storyboard; sourceTree = "<group>"; };
		FC05547420A592AD00B8D9DA /* Info.plist */ = {isa = PBXFileReference; lastKnownFileType = text.plist.xml; path = Info.plist; sourceTree = "<group>"; };
		FC05547A20A5A01200B8D9DA /* UIView+Layer.swift */ = {isa = PBXFileReference; lastKnownFileType = sourcecode.swift; path = "UIView+Layer.swift"; sourceTree = "<group>"; };
		FC05547C20A5B9FD00B8D9DA /* LoginFormController.swift */ = {isa = PBXFileReference; lastKnownFileType = sourcecode.swift; path = LoginFormController.swift; sourceTree = "<group>"; };
/* End PBXFileReference section */

/* Begin PBXFrameworksBuildPhase section */
		FC05546220A592AA00B8D9DA /* Frameworks */ = {
			isa = PBXFrameworksBuildPhase;
			buildActionMask = 2147483647;
			files = (
			);
			runOnlyForDeploymentPostprocessing = 0;
		};
/* End PBXFrameworksBuildPhase section */

/* Begin PBXGroup section */
		FC05545C20A592AA00B8D9DA = {
			isa = PBXGroup;
			children = (
				FC05546720A592AA00B8D9DA /* Lesson_1 */,
				FC05546620A592AA00B8D9DA /* Products */,
			);
			sourceTree = "<group>";
		};
		FC05546620A592AA00B8D9DA /* Products */ = {
			isa = PBXGroup;
			children = (
				FC05546520A592AA00B8D9DA /* Lesson_1.app */,
			);
			name = Products;
			sourceTree = "<group>";
		};
		FC05546720A592AA00B8D9DA /* Lesson_1 */ = {
			isa = PBXGroup;
			children = (
				FC05546820A592AA00B8D9DA /* AppDelegate.swift */,
				FC05546C20A592AA00B8D9DA /* Main.storyboard */,
				FC05546F20A592AD00B8D9DA /* Assets.xcassets */,
				FC05547120A592AD00B8D9DA /* LaunchScreen.storyboard */,
				FC05547420A592AD00B8D9DA /* Info.plist */,
				FC05547A20A5A01200B8D9DA /* UIView+Layer.swift */,
				FC05547C20A5B9FD00B8D9DA /* LoginFormController.swift */,
			);
			path = Lesson_1;
			sourceTree = "<group>";
		};
/* End PBXGroup section */

/* Begin PBXNativeTarget section */
		FC05546420A592AA00B8D9DA /* Lesson_1 */ = {
			isa = PBXNativeTarget;
			buildConfigurationList = FC05547720A592AD00B8D9DA /* Build configuration list for PBXNativeTarget "Lesson_1" */;
			buildPhases = (
				FC05546120A592AA00B8D9DA /* Sources */,
				FC05546220A592AA00B8D9DA /* Frameworks */,
				FC05546320A592AA00B8D9DA /* Resources */,
			);
			buildRules = (
			);
			dependencies = (
			);
			name = Lesson_1;
			productName = Lesson_1;
			productReference = FC05546520A592AA00B8D9DA /* Lesson_1.app */;
			productType = "com.apple.product-type.application";
		};
/* End PBXNativeTarget section */

/* Begin PBXProject section */
		FC05545D20A592AA00B8D9DA /* Project object */ = {
			isa = PBXProject;
			attributes = {
				LastSwiftUpdateCheck = 0930;
				LastUpgradeCheck = 0930;
				ORGANIZATIONNAME = "Анастасия Шевцова";
				TargetAttributes = {
					FC05546420A592AA00B8D9DA = {
						CreatedOnToolsVersion = 9.3;
					};
				};
			};
			buildConfigurationList = FC05546020A592AA00B8D9DA /* Build configuration list for PBXProject "Lesson_1" */;
			compatibilityVersion = "Xcode 9.3";
			developmentRegion = en;
			hasScannedForEncodings = 0;
			knownRegions = (
				en,
				Base,
			);
			mainGroup = FC05545C20A592AA00B8D9DA;
			productRefGroup = FC05546620A592AA00B8D9DA /* Products */;
			projectDirPath = "";
			projectRoot = "";
			targets = (
				FC05546420A592AA00B8D9DA /* Lesson_1 */,
			);
		};
/* End PBXProject section */

/* Begin PBXResourcesBuildPhase section */
		FC05546320A592AA00B8D9DA /* Resources */ = {
			isa = PBXResourcesBuildPhase;
			buildActionMask = 2147483647;
			files = (
				FC05547320A592AD00B8D9DA /* LaunchScreen.storyboard in Resources */,
				FC05547020A592AD00B8D9DA /* Assets.xcassets in Resources */,
				FC05546E20A592AA00B8D9DA /* Main.storyboard in Resources */,
			);
			runOnlyForDeploymentPostprocessing = 0;
		};
/* End PBXResourcesBuildPhase section */

/* Begin PBXSourcesBuildPhase section */
		FC05546120A592AA00B8D9DA /* Sources */ = {
			isa = PBXSourcesBuildPhase;
			buildActionMask = 2147483647;
			files = (
				FC05547D20A5B9FD00B8D9DA /* LoginFormController.swift in Sources */,
				FC05547B20A5A01200B8D9DA /* UIView+Layer.swift in Sources */,
				FC05546920A592AA00B8D9DA /* AppDelegate.swift in Sources */,
			);
			runOnlyForDeploymentPostprocessing = 0;
		};
/* End PBXSourcesBuildPhase section */

/* Begin PBXVariantGroup section */
		FC05546C20A592AA00B8D9DA /* Main.storyboard */ = {
			isa = PBXVariantGroup;
			children = (
				FC05546D20A592AA00B8D9DA /* Base */,
			);
			name = Main.storyboard;
			sourceTree = "<group>";
		};
		FC05547120A592AD00B8D9DA /* LaunchScreen.storyboard */ = {
			isa = PBXVariantGroup;
			children = (
				FC05547220A592AD00B8D9DA /* Base */,
			);
			name = LaunchScreen.storyboard;
			sourceTree = "<group>";
		};
/* End PBXVariantGroup section */

/* Begin XCBuildConfiguration section */
		FC05547520A592AD00B8D9DA /* Debug */ = {
			isa = XCBuildConfiguration;
			buildSettings = {
				ALWAYS_SEARCH_USER_PATHS = NO;
				CLANG_ANALYZER_NONNULL = YES;
				CLANG_ANALYZER_NUMBER_OBJECT_CONVERSION = YES_AGGRESSIVE;
				CLANG_CXX_LANGUAGE_STANDARD = "gnu++14";
				CLANG_CXX_LIBRARY = "libc++";
				CLANG_ENABLE_MODULES = YES;
				CLANG_ENABLE_OBJC_ARC = YES;
				CLANG_ENABLE_OBJC_WEAK = YES;
				CLANG_WARN_BLOCK_CAPTURE_AUTORELEASING = YES;
				CLANG_WARN_BOOL_CONVERSION = YES;
				CLANG_WARN_COMMA = YES;
				CLANG_WARN_CONSTANT_CONVERSION = YES;
				CLANG_WARN_DEPRECATED_OBJC_IMPLEMENTATIONS = YES;
				CLANG_WARN_DIRECT_OBJC_ISA_USAGE = YES_ERROR;
				CLANG_WARN_DOCUMENTATION_COMMENTS = YES;
				CLANG_WARN_EMPTY_BODY = YES;
				CLANG_WARN_ENUM_CONVERSION = YES;
				CLANG_WARN_INFINITE_RECURSION = YES;
				CLANG_WARN_INT_CONVERSION = YES;
				CLANG_WARN_NON_LITERAL_NULL_CONVERSION = YES;
				CLANG_WARN_OBJC_IMPLICIT_RETAIN_SELF = YES;
				CLANG_WARN_OBJC_LITERAL_CONVERSION = YES;
				CLANG_WARN_OBJC_ROOT_CLASS = YES_ERROR;
				CLANG_WARN_RANGE_LOOP_ANALYSIS = YES;
				CLANG_WARN_STRICT_PROTOTYPES = YES;
				CLANG_WARN_SUSPICIOUS_MOVE = YES;
				CLANG_WARN_UNGUARDED_AVAILABILITY = YES_AGGRESSIVE;
				CLANG_WARN_UNREACHABLE_CODE = YES;
				CLANG_WARN__DUPLICATE_METHOD_MATCH = YES;
				CODE_SIGN_IDENTITY = "iPhone Developer";
				COPY_PHASE_STRIP = NO;
				DEBUG_INFORMATION_FORMAT = dwarf;
				ENABLE_STRICT_OBJC_MSGSEND = YES;
				ENABLE_TESTABILITY = YES;
				GCC_C_LANGUAGE_STANDARD = gnu11;
				GCC_DYNAMIC_NO_PIC = NO;
				GCC_NO_COMMON_BLOCKS = YES;
				GCC_OPTIMIZATION_LEVEL = 0;
				GCC_PREPROCESSOR_DEFINITIONS = (
					"DEBUG=1",
					"$(inherited)",
				);
				GCC_WARN_64_TO_32_BIT_CONVERSION = YES;
				GCC_WARN_ABOUT_RETURN_TYPE = YES_ERROR;
				GCC_WARN_UNDECLARED_SELECTOR = YES;
				GCC_WARN_UNINITIALIZED_AUTOS = YES_AGGRESSIVE;
				GCC_WARN_UNUSED_FUNCTION = YES;
				GCC_WARN_UNUSED_VARIABLE = YES;
				IPHONEOS_DEPLOYMENT_TARGET = 11.3;
				MTL_ENABLE_DEBUG_INFO = YES;
				ONLY_ACTIVE_ARCH = YES;
				SDKROOT = iphoneos;
				SWIFT_ACTIVE_COMPILATION_CONDITIONS = DEBUG;
				SWIFT_OPTIMIZATION_LEVEL = "-Onone";
			};
			name = Debug;
		};
		FC05547620A592AD00B8D9DA /* Release */ = {
			isa = XCBuildConfiguration;
			buildSettings = {
				ALWAYS_SEARCH_USER_PATHS = NO;
				CLANG_ANALYZER_NONNULL = YES;
				CLANG_ANALYZER_NUMBER_OBJECT_CONVERSION = YES_AGGRESSIVE;
				CLANG_CXX_LANGUAGE_STANDARD = "gnu++14";
				CLANG_CXX_LIBRARY = "libc++";
				CLANG_ENABLE_MODULES = YES;
				CLANG_ENABLE_OBJC_ARC = YES;
				CLANG_ENABLE_OBJC_WEAK = YES;
				CLANG_WARN_BLOCK_CAPTURE_AUTORELEASING = YES;
				CLANG_WARN_BOOL_CONVERSION = YES;
				CLANG_WARN_COMMA = YES;
				CLANG_WARN_CONSTANT_CONVERSION = YES;
				CLANG_WARN_DEPRECATED_OBJC_IMPLEMENTATIONS = YES;
				CLANG_WARN_DIRECT_OBJC_ISA_USAGE = YES_ERROR;
				CLANG_WARN_DOCUMENTATION_COMMENTS = YES;
				CLANG_WARN_EMPTY_BODY = YES;
				CLANG_WARN_ENUM_CONVERSION = YES;
				CLANG_WARN_INFINITE_RECURSION = YES;
				CLANG_WARN_INT_CONVERSION = YES;
				CLANG_WARN_NON_LITERAL_NULL_CONVERSION = YES;
				CLANG_WARN_OBJC_IMPLICIT_RETAIN_SELF = YES;
				CLANG_WARN_OBJC_LITERAL_CONVERSION = YES;
				CLANG_WARN_OBJC_ROOT_CLASS = YES_ERROR;
				CLANG_WARN_RANGE_LOOP_ANALYSIS = YES;
				CLANG_WARN_STRICT_PROTOTYPES = YES;
				CLANG_WARN_SUSPICIOUS_MOVE = YES;
				CLANG_WARN_UNGUARDED_AVAILABILITY = YES_AGGRESSIVE;
				CLANG_WARN_UNREACHABLE_CODE = YES;
				CLANG_WARN__DUPLICATE_METHOD_MATCH = YES;
				CODE_SIGN_IDENTITY = "iPhone Developer";
				COPY_PHASE_STRIP = NO;
				DEBUG_INFORMATION_FORMAT = "dwarf-with-dsym";
				ENABLE_NS_ASSERTIONS = NO;
				ENABLE_STRICT_OBJC_MSGSEND = YES;
				GCC_C_LANGUAGE_STANDARD = gnu11;
				GCC_NO_COMMON_BLOCKS = YES;
				GCC_WARN_64_TO_32_BIT_CONVERSION = YES;
				GCC_WARN_ABOUT_RETURN_TYPE = YES_ERROR;
				GCC_WARN_UNDECLARED_SELECTOR = YES;
				GCC_WARN_UNINITIALIZED_AUTOS = YES_AGGRESSIVE;
				GCC_WARN_UNUSED_FUNCTION = YES;
				GCC_WARN_UNUSED_VARIABLE = YES;
				IPHONEOS_DEPLOYMENT_TARGET = 11.3;
				MTL_ENABLE_DEBUG_INFO = NO;
				SDKROOT = iphoneos;
				SWIFT_COMPILATION_MODE = wholemodule;
				SWIFT_OPTIMIZATION_LEVEL = "-O";
				VALIDATE_PRODUCT = YES;
			};
			name = Release;
		};
		FC05547820A592AD00B8D9DA /* Debug */ = {
			isa = XCBuildConfiguration;
			buildSettings = {
				ASSETCATALOG_COMPILER_APPICON_NAME = AppIcon;
				CODE_SIGN_STYLE = Automatic;
				INFOPLIST_FILE = Lesson_1/Info.plist;
				LD_RUNPATH_SEARCH_PATHS = (
					"$(inherited)",
					"@executable_path/Frameworks",
				);
				PRODUCT_BUNDLE_IDENTIFIER = "none.Lesson-1";
				PRODUCT_NAME = "$(TARGET_NAME)";
				SWIFT_VERSION = 4.0;
				TARGETED_DEVICE_FAMILY = "1,2";
			};
			name = Debug;
		};
		FC05547920A592AD00B8D9DA /* Release */ = {
			isa = XCBuildConfiguration;
			buildSettings = {
				ASSETCATALOG_COMPILER_APPICON_NAME = AppIcon;
				CODE_SIGN_STYLE = Automatic;
				INFOPLIST_FILE = Lesson_1/Info.plist;
				LD_RUNPATH_SEARCH_PATHS = (
					"$(inherited)",
					"@executable_path/Frameworks",
				);
				PRODUCT_BUNDLE_IDENTIFIER = "none.Lesson-1";
				PRODUCT_NAME = "$(TARGET_NAME)";
				SWIFT_VERSION = 4.0;
				TARGETED_DEVICE_FAMILY = "1,2";
			};
			name = Release;
		};
/* End XCBuildConfiguration section */

/* Begin XCConfigurationList section */
		FC05546020A592AA00B8D9DA /* Build configuration list for PBXProject "Lesson_1" */ = {
			isa = XCConfigurationList;
			buildConfigurations = (
				FC05547520A592AD00B8D9DA /* Debug */,
				FC05547620A592AD00B8D9DA /* Release */,
			);
			defaultConfigurationIsVisible = 0;
			defaultConfigurationName = Release;
		};
		FC05547720A592AD00B8D9DA /* Build configuration list for PBXNativeTarget "Lesson_1" */ = {
			isa = XCConfigurationList;
			buildConfigurations = (
				FC05547820A592AD00B8D9DA /* Debug */,
				FC05547920A592AD00B8D9DA /* Release */,
			);
			defaultConfigurationIsVisible = 0;
			defaultConfigurationName = Release;
		};
/* End XCConfigurationList section */
	};
	rootObject = FC05545D20A592AA00B8D9DA /* Project object */;
}
